
Microsoft Visual Studio Solution File, Format Version 12.00
# Visual Studio Version 16
VisualStudioVersion = 16.0.30611.23
MinimumVisualStudioVersion = 10.0.40219.1
Project("{FAE04EC0-301F-11D3-BF4B-00C04F79EFBC}") = "SiwiecPerformanceMonitor", "SiwiecDesktopMonitor\SiwiecPerformanceMonitor.csproj", "{AEEAEDCD-B442-4E40-ADB3-ED0728C93762}"
EndProject
Global
	GlobalSection(SolutionConfigurationPlatforms) = preSolution
		Debug|Any CPU = Debug|Any CPU
		Release|Any CPU = Release|Any CPU
	EndGlobalSection
	GlobalSection(ProjectConfigurationPlatforms) = postSolution
		{AEEAEDCD-B442-4E40-ADB3-ED0728C93762}.Debug|Any CPU.ActiveCfg = Debug|Any CPU
		{AEEAEDCD-B442-4E40-ADB3-ED0728C93762}.Debug|Any CPU.Build.0 = Debug|Any CPU
		{AEEAEDCD-B442-4E40-ADB3-ED0728C93762}.Release|Any CPU.ActiveCfg = Release|Any CPU
		{AEEAEDCD-B442-4E40-ADB3-ED0728C93762}.Release|Any CPU.Build.0 = Release|Any CPU
	EndGlobalSection
	GlobalSection(SolutionProperties) = preSolution
		HideSolutionNode = FALSE
	EndGlobalSection
	GlobalSection(ExtensibilityGlobals) = postSolution
		SolutionGuid = {CE125835-59E4-4130-8B38-E4680EAED31F}
	EndGlobalSection
EndGlobal
